
Microsoft Visual Studio Solution File, Format Version 12.00
# Visual Studio 15
VisualStudioVersion = 15.0.28307.329
MinimumVisualStudioVersion = 10.0.40219.1
Project("{9A19103F-16F7-4668-BE54-9A1E7A4F7556}") = "SB.ProductApi.Database", "..\..\..\product-api\ProductApi\SB.Product.API\SB.ProductApi.Database\SB.ProductApi.Database.csproj", "{BC8459C0-1B71-4DBB-87D6-2AFC9C7B49B8}"
EndProject
Global
	GlobalSection(SolutionConfigurationPlatforms) = preSolution
		Debug|Any CPU = Debug|Any CPU
		Release|Any CPU = Release|Any CPU
	EndGlobalSection
	GlobalSection(ProjectConfigurationPlatforms) = postSolution
		{BC8459C0-1B71-4DBB-87D6-2AFC9C7B49B8}.Debug|Any CPU.ActiveCfg = Debug|Any CPU
		{BC8459C0-1B71-4DBB-87D6-2AFC9C7B49B8}.Debug|Any CPU.Build.0 = Debug|Any CPU
		{BC8459C0-1B71-4DBB-87D6-2AFC9C7B49B8}.Release|Any CPU.ActiveCfg = Release|Any CPU
		{BC8459C0-1B71-4DBB-87D6-2AFC9C7B49B8}.Release|Any CPU.Build.0 = Release|Any CPU
	EndGlobalSection
	GlobalSection(SolutionProperties) = preSolution
		HideSolutionNode = FALSE
	EndGlobalSection
	GlobalSection(ExtensibilityGlobals) = postSolution
		SolutionGuid = {4E8A436B-1F54-463C-ADC2-03C5A7AAED5B}
	EndGlobalSection
EndGlobal
